{
  "nodes": {
    "catppuccin": {
      "inputs": {
        "nixpkgs": [
          "nixpkgs"
        ]
      },
      "locked": {
        "lastModified": 1786696832,
        "narHash": "sha256-wjdfX+jCJCJsteGD75xEfsDR3yATFFEx4mwelhlDXdU=",
        "owner": "catppuccin",
        "repo": "nix",
        "rev": "35d78c213b65e38789bcb359aae2380fcb4dc3e8",
        "type": "github"
      },
      "original": {
        "owner": "catppuccin",
        "repo": "nix",
        "type": "github"
      }
    },
    "emacs-overlay": {
      "inputs": {
        "nixpkgs": [
          "nixpkgs"
        ],
        "nixpkgs-stable": "nixpkgs-stable"
      },
      "locked": {
        "lastModified": 1788634138,
        "narHash": "sha256-srDXyHBjuq2xfU0hlizaKEiPEbudgPfmTBkljMbPLaQ=",
        "owner": "nix-community",
        "repo": "emacs-overlay",
        "rev": "41c123de026f318d4303ff16dcb32abec965b0e3",
        "type": "github"
      },
      "original": {
        "owner": "nix-community",
        "repo": "emacs-overlay",
        "type": "github"
      }
    },
    "grimoire": {
      "inputs": {
        "grimoire-social": "grimoire-social",
        "nixpkgs": [
          "nixpkgs"
        ],
        "vpkmerge": "vpkmerge"
      },
      "locked": {
        "lastModified": 1788206489,
        "narHash": "sha256-2n7OqDMMuQVPybb38hOaUBpKNVOutyWui5VP4W+OY5g=",
        "owner": "Slush97",
        "repo": "grimoire",
        "rev": "c70c89b394394ef24c7763c485e1fa291c0979fe",
        "type": "github"
      },
      "original": {
        "owner": "Slush97",
        "repo": "grimoire",
        "type": "github"
      }
    },
    "grimoire-social": {
      "flake": false,
      "locked": {
        "lastModified": 1785648456,
        "narHash": "sha256-AR2rTNDuge19t+VAqL/I6dmB8f5niIqINmNnRL70k94=",
        "owner": "Slush97",
        "repo": "grimoire-social",
        "rev": "e97a59d7cd55fc1ae1e11a56ca2fde5305de9c4f",
        "type": "github"
      },
      "original": {
        "owner": "Slush97",
        "repo": "grimoire-social",
        "type": "github"
      }
    },
    "helium": {
      "inputs": {
        "nixpkgs": [
          "nixpkgs"
        ]
      },
      "locked": {
        "lastModified": 1788600496,
        "narHash": "sha256-ystneSObIn0gXXLQH9kyUPU4TsQnZwfdW3Nk3fpSIhk=",
        "owner": "amaanq",
        "repo": "helium-flake",
        "rev": "cdc3a62595aaa3ffbdfcbe7c9c153f5690b5b6e8",
        "type": "github"
      },
      "original": {
        "owner": "amaanq",
        "repo": "helium-flake",
        "type": "github"
      }
    },
    "home-manager": {
      "inputs": {
        "nixpkgs": [
          "nixpkgs"
        ]
      },
      "locked": {
        "lastModified": 1788650959,
        "narHash": "sha256-0/e9+N5WcpSaNi534TyF7kVTAE6rEwKNwjh/OpfzgZ4=",
        "owner": "nix-community",
        "repo": "home-manager",
        "rev": "a49f50d59510d49b0e1c48090b6e504975beeda9",
        "type": "github"
      },
      "original": {
        "owner": "nix-community",
        "repo": "home-manager",
        "type": "github"
      }
    },
    "millennium": {
      "inputs": {
        "millennium-src": "millennium-src",
        "nixpkgs": [
          "nixpkgs"
        ]
      },
      "locked": {
        "dir": "packages/nix",
        "lastModified": 1788565178,
        "narHash": "sha256-bjItIyGxVAUqaSpr2tdN/YTd8BP2DY+wAmun136LrZs=",
        "owner": "SteamClientHomebrew",
        "repo": "Millennium",
        "rev": "5cbebb86628767f365de987c451a2839afe153bc",
        "type": "github"
      },
      "original": {
        "dir": "packages/nix",
        "owner": "SteamClientHomebrew",
        "repo": "Millennium",
        "type": "github"
      }
    },
    "millennium-src": {
      "flake": false,
      "locked": {
        "lastModified": 1787082953,
        "narHash": "sha256-zgr4cdJfye4qunpD3ClNnZ9D1WPGQAXV0CnYwEbB52s=",
        "owner": "SteamClientHomebrew",
        "repo": "Millennium",
        "rev": "513b02e809b0eb120ecf0ae12e548798dd756323",
        "type": "github"
      },
      "original": {
        "owner": "SteamClientHomebrew",
        "repo": "Millennium",
        "rev": "513b02e809b0eb120ecf0ae12e548798dd756323",
        "type": "github"
      }
    },
    "nixpkgs": {
      "locked": {
        "lastModified": 1788614874,
        "narHash": "sha256-7QYjT2vHLuX9Z1pdxHXDKCbh1CR3D/2rywB9Tx0MPRg=",
        "owner": "NixOS",
        "repo": "nixpkgs",
        "rev": "c043004d1c6985732bcc1cbc5a9c9aecbbb4e0f0",
        "type": "github"
      },
      "original": {
        "owner": "NixOS",
        "ref": "nixos-unstable",
        "repo": "nixpkgs",
        "type": "github"
      }
    },
    "nixpkgs-stable": {
      "locked": {
        "lastModified": 1788405554,
        "narHash": "sha256-r2f1oUwixlgq9zOdYLqJLfS/lWBT60/IITjhTKI59JU=",
        "owner": "NixOS",
        "repo": "nixpkgs",
        "rev": "a5cc6f2c37bf518436dc8d1c288ccd0c43c2f4c4",
        "type": "github"
      },
      "original": {
        "owner": "NixOS",
        "ref": "nixos-26.05",
        "repo": "nixpkgs",
        "type": "github"
      }
    },
    "root": {
      "inputs": {
        "catppuccin": "catppuccin",
        "emacs-overlay": "emacs-overlay",
        "grimoire": "grimoire",
        "helium": "helium",
        "home-manager": "home-manager",
        "millennium": "millennium",
        "nixpkgs": "nixpkgs"
      }
    },
    "vpkmerge": {
      "flake": false,
      "locked": {
        "lastModified": 1783195121,
        "narHash": "sha256-DjGEiL6Zfm1chawjeT23KXKvmncCjDssFzguPmHNWUw=",
        "owner": "Slush97",
        "repo": "vpkmerge",
        "rev": "f716f7a95aa64cb8534b18c6edc81f29a849db9a",
        "type": "github"
      },
      "original": {
        "owner": "Slush97",
        "ref": "v0.19.0",
        "repo": "vpkmerge",
        "type": "github"
      }
    }
  },
  "root": "root",
  "version": 7
}
